{
  "name": "pipeline-automation-web-ui",
  "version": "1.0.0",
  "lockfileVersion": 2,
  "requires": true,
  "packages": {
    "": {
      "name": "pipeline-automation-web-ui",
      "version": "1.0.0",
      "dependencies": {
        "react": "^18.2.0",
        "react-dom": "^18.2.0",
        "react-scripts": "5.0.1",
        "web-vitals": "^3.3.2"
      },
      "devDependencies": {
        "@playwright/test": "^1.36.2",
        "@testing-library/jest-dom": "^5.17.0",
        "@testing-library/react": "^13.4.0",
        "@testing-library/user-event": "^14.4.3",
        "eslint": "^8.45.0",
        "eslint-plugin-react": "^7.33.0",
        "eslint-plugin-react-hooks": "^4.6.0"
      }
    }
  }
}
